
Microsoft Visual Studio Solution File, Format Version 12.00
# Visual Studio Version 16
VisualStudioVersion = 16.0.31729.503
MinimumVisualStudioVersion = 10.0.40219.1
Project("{FAE04EC0-301F-11D3-BF4B-00C04F79EFBC}") = "ClientServer", "ClientServer\ClientServer.csproj", "{27D80A5C-7F6A-4521-B69F-C2C1D103F50F}"
EndProject
Global
	GlobalSection(SolutionConfigurationPlatforms) = preSolution
		Debug|Any CPU = Debug|Any CPU
		Release|Any CPU = Release|Any CPU
	EndGlobalSection
	GlobalSection(ProjectConfigurationPlatforms) = postSolution
		{27D80A5C-7F6A-4521-B69F-C2C1D103F50F}.Debug|Any CPU.ActiveCfg = Debug|Any CPU
		{27D80A5C-7F6A-4521-B69F-C2C1D103F50F}.Debug|Any CPU.Build.0 = Debug|Any CPU
		{27D80A5C-7F6A-4521-B69F-C2C1D103F50F}.Release|Any CPU.ActiveCfg = Release|Any CPU
		{27D80A5C-7F6A-4521-B69F-C2C1D103F50F}.Release|Any CPU.Build.0 = Release|Any CPU
	EndGlobalSection
	GlobalSection(SolutionProperties) = preSolution
		HideSolutionNode = FALSE
	EndGlobalSection
	GlobalSection(ExtensibilityGlobals) = postSolution
		SolutionGuid = {95C84043-F7FD-4B6C-B573-19BEB45B2D0C}
	EndGlobalSection
EndGlobal
